
Microsoft Visual Studio Solution File, Format Version 12.00
# Visual Studio Version 17
VisualStudioVersion = 17.1.32319.34
MinimumVisualStudioVersion = 10.0.40219.1
Project("{FAE04EC0-301F-11D3-BF4B-00C04F79EFBC}") = "Les_5_Ex_5", "Les_5_Ex_5\Les_5_Ex_5.csproj", "{9FBBED13-C59C-4FBE-A4BF-F991185EB7FE}"
EndProject
Global
	GlobalSection(SolutionConfigurationPlatforms) = preSolution
		Debug|Any CPU = Debug|Any CPU
		Release|Any CPU = Release|Any CPU
	EndGlobalSection
	GlobalSection(ProjectConfigurationPlatforms) = postSolution
		{9FBBED13-C59C-4FBE-A4BF-F991185EB7FE}.Debug|Any CPU.ActiveCfg = Debug|Any CPU
		{9FBBED13-C59C-4FBE-A4BF-F991185EB7FE}.Debug|Any CPU.Build.0 = Debug|Any CPU
		{9FBBED13-C59C-4FBE-A4BF-F991185EB7FE}.Release|Any CPU.ActiveCfg = Release|Any CPU
		{9FBBED13-C59C-4FBE-A4BF-F991185EB7FE}.Release|Any CPU.Build.0 = Release|Any CPU
	EndGlobalSection
	GlobalSection(SolutionProperties) = preSolution
		HideSolutionNode = FALSE
	EndGlobalSection
	GlobalSection(ExtensibilityGlobals) = postSolution
		SolutionGuid = {11D2C42C-F6EC-49E9-897F-62289D1D7EE8}
	EndGlobalSection
EndGlobal
